
Microsoft Visual Studio Solution File, Format Version 12.00
# Visual Studio Version 16
VisualStudioVersion = 16.0.28803.156
MinimumVisualStudioVersion = 10.0.40219.1
Project("{9A19103F-16F7-4668-BE54-9A1E7A4F7556}") = "Inventory.Backend", "Inventory.Backend\Inventory.Backend.csproj", "{1A9040AD-FD22-4E3E-8A77-B5A6626645CE}"
EndProject
Project("{9A19103F-16F7-4668-BE54-9A1E7A4F7556}") = "Inventory.Entity", "Inventory.Entity\Inventory.Entity.csproj", "{2CC01A88-59D8-4392-A93A-504F96865B2B}"
EndProject
Project("{9A19103F-16F7-4668-BE54-9A1E7A4F7556}") = "Inventory.EntityFrameworkCore", "Inventory.EntityFrameworkCore\Inventory.EntityFrameworkCore.csproj", "{EDA115E2-5C1E-4830-961C-798320BDE61F}"
EndProject
Project("{9A19103F-16F7-4668-BE54-9A1E7A4F7556}") = "Inventory.EntityFrameworkCore.SqlServer", "Inventory.EntityFrameworkCore.SqlServer\Inventory.EntityFrameworkCore.SqlServer.csproj", "{E66AFF5C-AF74-490F-82F4-0A40D28069EA}"
EndProject
Project("{9A19103F-16F7-4668-BE54-9A1E7A4F7556}") = "Inventory.Service", "Inventory.Service\Inventory.Service.csproj", "{DF11ABC0-6631-49DC-9740-81C0B841E206}"
EndProject
Global
	GlobalSection(SolutionConfigurationPlatforms) = preSolution
		Debug|Any CPU = Debug|Any CPU
		Release|Any CPU = Release|Any CPU
	EndGlobalSection
	GlobalSection(ProjectConfigurationPlatforms) = postSolution
		{1A9040AD-FD22-4E3E-8A77-B5A6626645CE}.Debug|Any CPU.ActiveCfg = Debug|Any CPU
		{1A9040AD-FD22-4E3E-8A77-B5A6626645CE}.Debug|Any CPU.Build.0 = Debug|Any CPU
		{1A9040AD-FD22-4E3E-8A77-B5A6626645CE}.Release|Any CPU.ActiveCfg = Release|Any CPU
		{1A9040AD-FD22-4E3E-8A77-B5A6626645CE}.Release|Any CPU.Build.0 = Release|Any CPU
		{2CC01A88-59D8-4392-A93A-504F96865B2B}.Debug|Any CPU.ActiveCfg = Debug|Any CPU
		{2CC01A88-59D8-4392-A93A-504F96865B2B}.Debug|Any CPU.Build.0 = Debug|Any CPU
		{2CC01A88-59D8-4392-A93A-504F96865B2B}.Release|Any CPU.ActiveCfg = Release|Any CPU
		{2CC01A88-59D8-4392-A93A-504F96865B2B}.Release|Any CPU.Build.0 = Release|Any CPU
		{EDA115E2-5C1E-4830-961C-798320BDE61F}.Debug|Any CPU.ActiveCfg = Debug|Any CPU
		{EDA115E2-5C1E-4830-961C-798320BDE61F}.Debug|Any CPU.Build.0 = Debug|Any CPU
		{EDA115E2-5C1E-4830-961C-798320BDE61F}.Release|Any CPU.ActiveCfg = Release|Any CPU
		{EDA115E2-5C1E-4830-961C-798320BDE61F}.Release|Any CPU.Build.0 = Release|Any CPU
		{E66AFF5C-AF74-490F-82F4-0A40D28069EA}.Debug|Any CPU.ActiveCfg = Debug|Any CPU
		{E66AFF5C-AF74-490F-82F4-0A40D28069EA}.Debug|Any CPU.Build.0 = Debug|Any CPU
		{E66AFF5C-AF74-490F-82F4-0A40D28069EA}.Release|Any CPU.ActiveCfg = Release|Any CPU
		{E66AFF5C-AF74-490F-82F4-0A40D28069EA}.Release|Any CPU.Build.0 = Release|Any CPU
		{DF11ABC0-6631-49DC-9740-81C0B841E206}.Debug|Any CPU.ActiveCfg = Debug|Any CPU
		{DF11ABC0-6631-49DC-9740-81C0B841E206}.Debug|Any CPU.Build.0 = Debug|Any CPU
		{DF11ABC0-6631-49DC-9740-81C0B841E206}.Release|Any CPU.ActiveCfg = Release|Any CPU
		{DF11ABC0-6631-49DC-9740-81C0B841E206}.Release|Any CPU.Build.0 = Release|Any CPU
	EndGlobalSection
	GlobalSection(SolutionProperties) = preSolution
		HideSolutionNode = FALSE
	EndGlobalSection
	GlobalSection(ExtensibilityGlobals) = postSolution
		SolutionGuid = {F0ADBD12-91C6-474D-987C-8213FF395BE5}
	EndGlobalSection
EndGlobal
